// !$*UTF8*$!
{
	archiveVersion = 1;
	classes = {
	};
	objectVersion = 56;
	objects = {

/* Begin PBXBuildFile section */
		23C5B9EF2DDEF5E7002A8D87 /* RouterPoserApp.swift in Sources */ = {isa = PBXBuildFile; fileRef = 23C5B9EE2DDEF5E7002A8D87 /* RouterPoserApp.swift */; };
		23C5B9F12DDEF5E7002A8D87 /* ContentView.swift in Sources */ = {isa = PBXBuildFile; fileRef = 23C5B9F02DDEF5E7002A8D87 /* ContentView.swift */; };
		23C5B9F32DDEF5E7002A8D87 /* Assets.xcassets in Resources */ = {isa = PBXBuildFile; fileRef = 23C5B9F22DDEF5E7002A8D87 /* Assets.xcassets */; };
		23C5B9F62DDEF5E7002A8D87 /* Preview Assets.xcassets in Resources */ = {isa = PBXBuildFile; fileRef = 23C5B9F52DDEF5E7002A8D87 /* Preview Assets.xcassets */; };
		23C5B9FE2DDEF61C002A8D87 /* RouteComposer in Frameworks */ = {isa = PBXBuildFile; productRef = 23C5B9FD2DDEF61C002A8D87 /* RouteComposer */; };
		23C5BA0A2DDEF77C002A8D87 /* ComposableArchitecture in Frameworks */ = {isa = PBXBuildFile; productRef = 23C5BA092DDEF77C002A8D87 /* ComposableArchitecture */; };
		23C5BA0E2DDF02F8002A8D87 /* RouteComposer in Frameworks */ = {isa = PBXBuildFile; productRef = 23C5BA0D2DDF02F8002A8D87 /* RouteComposer */; };
		23C5BA102DDF02F8002A8D87 /* RouteComposerDynamic in Frameworks */ = {isa = PBXBuildFile; productRef = 23C5BA0F2DDF02F8002A8D87 /* RouteComposerDynamic */; };
		23C5BA122DDF02F8002A8D87 /* RouteComposerStatic in Frameworks */ = {isa = PBXBuildFile; productRef = 23C5BA112DDF02F8002A8D87 /* RouteComposerStatic */; };
		23C5BA182DDF1752002A8D87 /* AuthView.swift in Sources */ = {isa = PBXBuildFile; fileRef = 23C5BA172DDF1752002A8D87 /* AuthView.swift */; };
		23C5BA1B2DDF1783002A8D87 /* AuthFactory.swift in Sources */ = {isa = PBXBuildFile; fileRef = 23C5BA1A2DDF1783002A8D87 /* AuthFactory.swift */; };
		23C5BA1D2DDF1791002A8D87 /* AuthConfiguration.swift in Sources */ = {isa = PBXBuildFile; fileRef = 23C5BA1C2DDF1791002A8D87 /* AuthConfiguration.swift */; };
		23C5BA1F2DDF17C3002A8D87 /* HomeView.swift in Sources */ = {isa = PBXBuildFile; fileRef = 23C5BA1E2DDF17C3002A8D87 /* HomeView.swift */; };
		23C5BA222DDF17D3002A8D87 /* HomeFactory.swift in Sources */ = {isa = PBXBuildFile; fileRef = 23C5BA212DDF17D3002A8D87 /* HomeFactory.swift */; };
		23C5BA242DDF17E0002A8D87 /* HomeConfiguration.swift in Sources */ = {isa = PBXBuildFile; fileRef = 23C5BA232DDF17E0002A8D87 /* HomeConfiguration.swift */; };
		23C5BA262DDF1827002A8D87 /* AuthStore.swift in Sources */ = {isa = PBXBuildFile; fileRef = 23C5BA252DDF1827002A8D87 /* AuthStore.swift */; };
		23C5BA282DDF186F002A8D87 /* HomeStore.swift in Sources */ = {isa = PBXBuildFile; fileRef = 23C5BA272DDF186F002A8D87 /* HomeStore.swift */; };
		23C5BA2C2DDF1DD9002A8D87 /* ProfileFactory.swift in Sources */ = {isa = PBXBuildFile; fileRef = 23C5BA2B2DDF1DD9002A8D87 /* ProfileFactory.swift */; };
		23C5BA2E2DDF1DE2002A8D87 /* ProfileConfiguration.swift in Sources */ = {isa = PBXBuildFile; fileRef = 23C5BA2D2DDF1DE2002A8D87 /* ProfileConfiguration.swift */; };
		23C5BA302DDF1DEE002A8D87 /* ProfileStore.swift in Sources */ = {isa = PBXBuildFile; fileRef = 23C5BA2F2DDF1DEE002A8D87 /* ProfileStore.swift */; };
		23C5BA322DDF1DF9002A8D87 /* ProfileView.swift in Sources */ = {isa = PBXBuildFile; fileRef = 23C5BA312DDF1DF9002A8D87 /* ProfileView.swift */; };
		23C5BA352DDF352B002A8D87 /* MainSceneConfiguration.swift in Sources */ = {isa = PBXBuildFile; fileRef = 23C5BA342DDF352B002A8D87 /* MainSceneConfiguration.swift */; };
/* End PBXBuildFile section */

/* Begin PBXFileReference section */
		23C5B9EB2DDEF5E7002A8D87 /* RouterPoser.app */ = {isa = PBXFileReference; explicitFileType = wrapper.application; includeInIndex = 0; path = RouterPoser.app; sourceTree = BUILT_PRODUCTS_DIR; };
		23C5B9EE2DDEF5E7002A8D87 /* RouterPoserApp.swift */ = {isa = PBXFileReference; lastKnownFileType = sourcecode.swift; path = RouterPoserApp.swift; sourceTree = "<group>"; };
		23C5B9F02DDEF5E7002A8D87 /* ContentView.swift */ = {isa = PBXFileReference; lastKnownFileType = sourcecode.swift; path = ContentView.swift; sourceTree = "<group>"; };
		23C5B9F22DDEF5E7002A8D87 /* Assets.xcassets */ = {isa = PBXFileReference; lastKnownFileType = folder.assetcatalog; path = Assets.xcassets; sourceTree = "<group>"; };
		23C5B9F52DDEF5E7002A8D87 /* Preview Assets.xcassets */ = {isa = PBXFileReference; lastKnownFileType = folder.assetcatalog; path = "Preview Assets.xcassets"; sourceTree = "<group>"; };
		23C5BA172DDF1752002A8D87 /* AuthView.swift */ = {isa = PBXFileReference; lastKnownFileType = sourcecode.swift; path = AuthView.swift; sourceTree = "<group>"; };
		23C5BA1A2DDF1783002A8D87 /* AuthFactory.swift */ = {isa = PBXFileReference; lastKnownFileType = sourcecode.swift; path = AuthFactory.swift; sourceTree = "<group>"; };
		23C5BA1C2DDF1791002A8D87 /* AuthConfiguration.swift */ = {isa = PBXFileReference; lastKnownFileType = sourcecode.swift; path = AuthConfiguration.swift; sourceTree = "<group>"; };
		23C5BA1E2DDF17C3002A8D87 /* HomeView.swift */ = {isa = PBXFileReference; lastKnownFileType = sourcecode.swift; path = HomeView.swift; sourceTree = "<group>"; };
		23C5BA212DDF17D3002A8D87 /* HomeFactory.swift */ = {isa = PBXFileReference; lastKnownFileType = sourcecode.swift; path = HomeFactory.swift; sourceTree = "<group>"; };
		23C5BA232DDF17E0002A8D87 /* HomeConfiguration.swift */ = {isa = PBXFileReference; lastKnownFileType = sourcecode.swift; path = HomeConfiguration.swift; sourceTree = "<group>"; };
		23C5BA252DDF1827002A8D87 /* AuthStore.swift */ = {isa = PBXFileReference; lastKnownFileType = sourcecode.swift; path = AuthStore.swift; sourceTree = "<group>"; };
		23C5BA272DDF186F002A8D87 /* HomeStore.swift */ = {isa = PBXFileReference; lastKnownFileType = sourcecode.swift; path = HomeStore.swift; sourceTree = "<group>"; };
		23C5BA2B2DDF1DD9002A8D87 /* ProfileFactory.swift */ = {isa = PBXFileReference; lastKnownFileType = sourcecode.swift; path = ProfileFactory.swift; sourceTree = "<group>"; };
		23C5BA2D2DDF1DE2002A8D87 /* ProfileConfiguration.swift */ = {isa = PBXFileReference; lastKnownFileType = sourcecode.swift; path = ProfileConfiguration.swift; sourceTree = "<group>"; };
		23C5BA2F2DDF1DEE002A8D87 /* ProfileStore.swift */ = {isa = PBXFileReference; lastKnownFileType = sourcecode.swift; path = ProfileStore.swift; sourceTree = "<group>"; };
		23C5BA312DDF1DF9002A8D87 /* ProfileView.swift */ = {isa = PBXFileReference; lastKnownFileType = sourcecode.swift; path = ProfileView.swift; sourceTree = "<group>"; };
		23C5BA342DDF352B002A8D87 /* MainSceneConfiguration.swift */ = {isa = PBXFileReference; lastKnownFileType = sourcecode.swift; path = MainSceneConfiguration.swift; sourceTree = "<group>"; };
/* End PBXFileReference section */

/* Begin PBXFrameworksBuildPhase section */
		23C5B9E82DDEF5E7002A8D87 /* Frameworks */ = {
			isa = PBXFrameworksBuildPhase;
			buildActionMask = 2147483647;
			files = (
				23C5BA102DDF02F8002A8D87 /* RouteComposerDynamic in Frameworks */,
				23C5BA0A2DDEF77C002A8D87 /* ComposableArchitecture in Frameworks */,
				23C5BA0E2DDF02F8002A8D87 /* RouteComposer in Frameworks */,
				23C5B9FE2DDEF61C002A8D87 /* RouteComposer in Frameworks */,
				23C5BA122DDF02F8002A8D87 /* RouteComposerStatic in Frameworks */,
			);
			runOnlyForDeploymentPostprocessing = 0;
		};
/* End PBXFrameworksBuildPhase section */

/* Begin PBXGroup section */
		23C5B9E22DDEF5E6002A8D87 = {
			isa = PBXGroup;
			children = (
				23C5B9ED2DDEF5E7002A8D87 /* RouterPoser */,
				23C5B9EC2DDEF5E7002A8D87 /* Products */,
			);
			sourceTree = "<group>";
		};
		23C5B9EC2DDEF5E7002A8D87 /* Products */ = {
			isa = PBXGroup;
			children = (
				23C5B9EB2DDEF5E7002A8D87 /* RouterPoser.app */,
			);
			name = Products;
			sourceTree = "<group>";
		};
		23C5B9ED2DDEF5E7002A8D87 /* RouterPoser */ = {
			isa = PBXGroup;
			children = (
				23C5BA292DDF1DB8002A8D87 /* Profile */,
				23C5BA162DDF173C002A8D87 /* Home */,
				23C5BA152DDF172D002A8D87 /* Auth */,
				23C5B9EE2DDEF5E7002A8D87 /* RouterPoserApp.swift */,
				23C5B9F02DDEF5E7002A8D87 /* ContentView.swift */,
				23C5BA332DDF350D002A8D87 /* Scenes */,
				23C5B9F22DDEF5E7002A8D87 /* Assets.xcassets */,
				23C5B9F42DDEF5E7002A8D87 /* Preview Content */,
			);
			path = RouterPoser;
			sourceTree = "<group>";
		};
		23C5B9F42DDEF5E7002A8D87 /* Preview Content */ = {
			isa = PBXGroup;
			children = (
				23C5B9F52DDEF5E7002A8D87 /* Preview Assets.xcassets */,
			);
			path = "Preview Content";
			sourceTree = "<group>";
		};
		23C5BA152DDF172D002A8D87 /* Auth */ = {
			isa = PBXGroup;
			children = (
				23C5BA172DDF1752002A8D87 /* AuthView.swift */,
				23C5BA252DDF1827002A8D87 /* AuthStore.swift */,
				23C5BA192DDF176C002A8D87 /* Routing */,
			);
			path = Auth;
			sourceTree = "<group>";
		};
		23C5BA162DDF173C002A8D87 /* Home */ = {
			isa = PBXGroup;
			children = (
				23C5BA1E2DDF17C3002A8D87 /* HomeView.swift */,
				23C5BA272DDF186F002A8D87 /* HomeStore.swift */,
				23C5BA202DDF17C6002A8D87 /* Routing */,
			);
			path = Home;
			sourceTree = "<group>";
		};
		23C5BA192DDF176C002A8D87 /* Routing */ = {
			isa = PBXGroup;
			children = (
				23C5BA1A2DDF1783002A8D87 /* AuthFactory.swift */,
				23C5BA1C2DDF1791002A8D87 /* AuthConfiguration.swift */,
			);
			path = Routing;
			sourceTree = "<group>";
		};
		23C5BA202DDF17C6002A8D87 /* Routing */ = {
			isa = PBXGroup;
			children = (
				23C5BA212DDF17D3002A8D87 /* HomeFactory.swift */,
				23C5BA232DDF17E0002A8D87 /* HomeConfiguration.swift */,
			);
			path = Routing;
			sourceTree = "<group>";
		};
		23C5BA292DDF1DB8002A8D87 /* Profile */ = {
			isa = PBXGroup;
			children = (
				23C5BA2F2DDF1DEE002A8D87 /* ProfileStore.swift */,
				23C5BA312DDF1DF9002A8D87 /* ProfileView.swift */,
				23C5BA2A2DDF1DCA002A8D87 /* Routing */,
			);
			path = Profile;
			sourceTree = "<group>";
		};
		23C5BA2A2DDF1DCA002A8D87 /* Routing */ = {
			isa = PBXGroup;
			children = (
				23C5BA2B2DDF1DD9002A8D87 /* ProfileFactory.swift */,
				23C5BA2D2DDF1DE2002A8D87 /* ProfileConfiguration.swift */,
			);
			path = Routing;
			sourceTree = "<group>";
		};
		23C5BA332DDF350D002A8D87 /* Scenes */ = {
			isa = PBXGroup;
			children = (
				23C5BA342DDF352B002A8D87 /* MainSceneConfiguration.swift */,
			);
			path = Scenes;
			sourceTree = "<group>";
		};
/* End PBXGroup section */

/* Begin PBXNativeTarget section */
		23C5B9EA2DDEF5E7002A8D87 /* RouterPoser */ = {
			isa = PBXNativeTarget;
			buildConfigurationList = 23C5B9F92DDEF5E7002A8D87 /* Build configuration list for PBXNativeTarget "RouterPoser" */;
			buildPhases = (
				23C5B9E72DDEF5E7002A8D87 /* Sources */,
				23C5B9E82DDEF5E7002A8D87 /* Frameworks */,
				23C5B9E92DDEF5E7002A8D87 /* Resources */,
			);
			buildRules = (
			);
			dependencies = (
			);
			name = RouterPoser;
			packageProductDependencies = (
				23C5B9FD2DDEF61C002A8D87 /* RouteComposer */,
				23C5BA092DDEF77C002A8D87 /* ComposableArchitecture */,
				23C5BA0D2DDF02F8002A8D87 /* RouteComposer */,
				23C5BA0F2DDF02F8002A8D87 /* RouteComposerDynamic */,
				23C5BA112DDF02F8002A8D87 /* RouteComposerStatic */,
			);
			productName = RouterPoser;
			productReference = 23C5B9EB2DDEF5E7002A8D87 /* RouterPoser.app */;
			productType = "com.apple.product-type.application";
		};
/* End PBXNativeTarget section */

/* Begin PBXProject section */
		23C5B9E32DDEF5E6002A8D87 /* Project object */ = {
			isa = PBXProject;
			attributes = {
				BuildIndependentTargetsInParallel = 1;
				LastSwiftUpdateCheck = 1520;
				LastUpgradeCheck = 1520;
				TargetAttributes = {
					23C5B9EA2DDEF5E7002A8D87 = {
						CreatedOnToolsVersion = 15.2;
					};
				};
			};
			buildConfigurationList = 23C5B9E62DDEF5E6002A8D87 /* Build configuration list for PBXProject "RouterPoser" */;
			compatibilityVersion = "Xcode 14.0";
			developmentRegion = en;
			hasScannedForEncodings = 0;
			knownRegions = (
				en,
				Base,
			);
			mainGroup = 23C5B9E22DDEF5E6002A8D87;
			packageReferences = (
				23C5B9FC2DDEF61C002A8D87 /* XCRemoteSwiftPackageReference "route-composer" */,
				23C5BA082DDEF77C002A8D87 /* XCRemoteSwiftPackageReference "swift-composable-architecture" */,
			);
			productRefGroup = 23C5B9EC2DDEF5E7002A8D87 /* Products */;
			projectDirPath = "";
			projectRoot = "";
			targets = (
				23C5B9EA2DDEF5E7002A8D87 /* RouterPoser */,
			);
		};
/* End PBXProject section */

/* Begin PBXResourcesBuildPhase section */
		23C5B9E92DDEF5E7002A8D87 /* Resources */ = {
			isa = PBXResourcesBuildPhase;
			buildActionMask = 2147483647;
			files = (
				23C5B9F62DDEF5E7002A8D87 /* Preview Assets.xcassets in Resources */,
				23C5B9F32DDEF5E7002A8D87 /* Assets.xcassets in Resources */,
			);
			runOnlyForDeploymentPostprocessing = 0;
		};
/* End PBXResourcesBuildPhase section */

/* Begin PBXSourcesBuildPhase section */
		23C5B9E72DDEF5E7002A8D87 /* Sources */ = {
			isa = PBXSourcesBuildPhase;
			buildActionMask = 2147483647;
			files = (
				23C5BA282DDF186F002A8D87 /* HomeStore.swift in Sources */,
				23C5BA1B2DDF1783002A8D87 /* AuthFactory.swift in Sources */,
				23C5BA302DDF1DEE002A8D87 /* ProfileStore.swift in Sources */,
				23C5BA242DDF17E0002A8D87 /* HomeConfiguration.swift in Sources */,
				23C5BA182DDF1752002A8D87 /* AuthView.swift in Sources */,
				23C5BA262DDF1827002A8D87 /* AuthStore.swift in Sources */,
				23C5B9F12DDEF5E7002A8D87 /* ContentView.swift in Sources */,
				23C5BA1D2DDF1791002A8D87 /* AuthConfiguration.swift in Sources */,
				23C5BA322DDF1DF9002A8D87 /* ProfileView.swift in Sources */,
				23C5BA2E2DDF1DE2002A8D87 /* ProfileConfiguration.swift in Sources */,
				23C5BA1F2DDF17C3002A8D87 /* HomeView.swift in Sources */,
				23C5BA222DDF17D3002A8D87 /* HomeFactory.swift in Sources */,
				23C5BA2C2DDF1DD9002A8D87 /* ProfileFactory.swift in Sources */,
				23C5B9EF2DDEF5E7002A8D87 /* RouterPoserApp.swift in Sources */,
				23C5BA352DDF352B002A8D87 /* MainSceneConfiguration.swift in Sources */,
			);
			runOnlyForDeploymentPostprocessing = 0;
		};
/* End PBXSourcesBuildPhase section */

/* Begin XCBuildConfiguration section */
		23C5B9F72DDEF5E7002A8D87 /* Debug */ = {
			isa = XCBuildConfiguration;
			buildSettings = {
				ALWAYS_SEARCH_USER_PATHS = NO;
				ASSETCATALOG_COMPILER_GENERATE_SWIFT_ASSET_SYMBOL_EXTENSIONS = YES;
				CLANG_ANALYZER_NONNULL = YES;
				CLANG_ANALYZER_NUMBER_OBJECT_CONVERSION = YES_AGGRESSIVE;
				CLANG_CXX_LANGUAGE_STANDARD = "gnu++20";
				CLANG_ENABLE_MODULES = YES;
				CLANG_ENABLE_OBJC_ARC = YES;
				CLANG_ENABLE_OBJC_WEAK = YES;
				CLANG_WARN_BLOCK_CAPTURE_AUTORELEASING = YES;
				CLANG_WARN_BOOL_CONVERSION = YES;
				CLANG_WARN_COMMA = YES;
				CLANG_WARN_CONSTANT_CONVERSION = YES;
				CLANG_WARN_DEPRECATED_OBJC_IMPLEMENTATIONS = YES;
				CLANG_WARN_DIRECT_OBJC_ISA_USAGE = YES_ERROR;
				CLANG_WARN_DOCUMENTATION_COMMENTS = YES;
				CLANG_WARN_EMPTY_BODY = YES;
				CLANG_WARN_ENUM_CONVERSION = YES;
				CLANG_WARN_INFINITE_RECURSION = YES;
				CLANG_WARN_INT_CONVERSION = YES;
				CLANG_WARN_NON_LITERAL_NULL_CONVERSION = YES;
				CLANG_WARN_OBJC_IMPLICIT_RETAIN_SELF = YES;
				CLANG_WARN_OBJC_LITERAL_CONVERSION = YES;
				CLANG_WARN_OBJC_ROOT_CLASS = YES_ERROR;
				CLANG_WARN_QUOTED_INCLUDE_IN_FRAMEWORK_HEADER = YES;
				CLANG_WARN_RANGE_LOOP_ANALYSIS = YES;
				CLANG_WARN_STRICT_PROTOTYPES = YES;
				CLANG_WARN_SUSPICIOUS_MOVE = YES;
				CLANG_WARN_UNGUARDED_AVAILABILITY = YES_AGGRESSIVE;
				CLANG_WARN_UNREACHABLE_CODE = YES;
				CLANG_WARN__DUPLICATE_METHOD_MATCH = YES;
				COPY_PHASE_STRIP = NO;
				DEBUG_INFORMATION_FORMAT = dwarf;
				ENABLE_STRICT_OBJC_MSGSEND = YES;
				ENABLE_TESTABILITY = YES;
				ENABLE_USER_SCRIPT_SANDBOXING = YES;
				GCC_C_LANGUAGE_STANDARD = gnu17;
				GCC_DYNAMIC_NO_PIC = NO;
				GCC_NO_COMMON_BLOCKS = YES;
				GCC_OPTIMIZATION_LEVEL = 0;
				GCC_PREPROCESSOR_DEFINITIONS = (
					"DEBUG=1",
					"$(inherited)",
				);
				GCC_WARN_64_TO_32_BIT_CONVERSION = YES;
				GCC_WARN_ABOUT_RETURN_TYPE = YES_ERROR;
				GCC_WARN_UNDECLARED_SELECTOR = YES;
				GCC_WARN_UNINITIALIZED_AUTOS = YES_AGGRESSIVE;
				GCC_WARN_UNUSED_FUNCTION = YES;
				GCC_WARN_UNUSED_VARIABLE = YES;
				IPHONEOS_DEPLOYMENT_TARGET = 17.2;
				LOCALIZATION_PREFERS_STRING_CATALOGS = YES;
				MTL_ENABLE_DEBUG_INFO = INCLUDE_SOURCE;
				MTL_FAST_MATH = YES;
				ONLY_ACTIVE_ARCH = YES;
				SDKROOT = iphoneos;
				SWIFT_ACTIVE_COMPILATION_CONDITIONS = "DEBUG $(inherited)";
				SWIFT_OPTIMIZATION_LEVEL = "-Onone";
			};
			name = Debug;
		};
		23C5B9F82DDEF5E7002A8D87 /* Release */ = {
			isa = XCBuildConfiguration;
			buildSettings = {
				ALWAYS_SEARCH_USER_PATHS = NO;
				ASSETCATALOG_COMPILER_GENERATE_SWIFT_ASSET_SYMBOL_EXTENSIONS = YES;
				CLANG_ANALYZER_NONNULL = YES;
				CLANG_ANALYZER_NUMBER_OBJECT_CONVERSION = YES_AGGRESSIVE;
				CLANG_CXX_LANGUAGE_STANDARD = "gnu++20";
				CLANG_ENABLE_MODULES = YES;
				CLANG_ENABLE_OBJC_ARC = YES;
				CLANG_ENABLE_OBJC_WEAK = YES;
				CLANG_WARN_BLOCK_CAPTURE_AUTORELEASING = YES;
				CLANG_WARN_BOOL_CONVERSION = YES;
				CLANG_WARN_COMMA = YES;
				CLANG_WARN_CONSTANT_CONVERSION = YES;
				CLANG_WARN_DEPRECATED_OBJC_IMPLEMENTATIONS = YES;
				CLANG_WARN_DIRECT_OBJC_ISA_USAGE = YES_ERROR;
				CLANG_WARN_DOCUMENTATION_COMMENTS = YES;
				CLANG_WARN_EMPTY_BODY = YES;
				CLANG_WARN_ENUM_CONVERSION = YES;
				CLANG_WARN_INFINITE_RECURSION = YES;
				CLANG_WARN_INT_CONVERSION = YES;
				CLANG_WARN_NON_LITERAL_NULL_CONVERSION = YES;
				CLANG_WARN_OBJC_IMPLICIT_RETAIN_SELF = YES;
				CLANG_WARN_OBJC_LITERAL_CONVERSION = YES;
				CLANG_WARN_OBJC_ROOT_CLASS = YES_ERROR;
				CLANG_WARN_QUOTED_INCLUDE_IN_FRAMEWORK_HEADER = YES;
				CLANG_WARN_RANGE_LOOP_ANALYSIS = YES;
				CLANG_WARN_STRICT_PROTOTYPES = YES;
				CLANG_WARN_SUSPICIOUS_MOVE = YES;
				CLANG_WARN_UNGUARDED_AVAILABILITY = YES_AGGRESSIVE;
				CLANG_WARN_UNREACHABLE_CODE = YES;
				CLANG_WARN__DUPLICATE_METHOD_MATCH = YES;
				COPY_PHASE_STRIP = NO;
				DEBUG_INFORMATION_FORMAT = "dwarf-with-dsym";
				ENABLE_NS_ASSERTIONS = NO;
				ENABLE_STRICT_OBJC_MSGSEND = YES;
				ENABLE_USER_SCRIPT_SANDBOXING = YES;
				GCC_C_LANGUAGE_STANDARD = gnu17;
				GCC_NO_COMMON_BLOCKS = YES;
				GCC_WARN_64_TO_32_BIT_CONVERSION = YES;
				GCC_WARN_ABOUT_RETURN_TYPE = YES_ERROR;
				GCC_WARN_UNDECLARED_SELECTOR = YES;
				GCC_WARN_UNINITIALIZED_AUTOS = YES_AGGRESSIVE;
				GCC_WARN_UNUSED_FUNCTION = YES;
				GCC_WARN_UNUSED_VARIABLE = YES;
				IPHONEOS_DEPLOYMENT_TARGET = 17.2;
				LOCALIZATION_PREFERS_STRING_CATALOGS = YES;
				MTL_ENABLE_DEBUG_INFO = NO;
				MTL_FAST_MATH = YES;
				SDKROOT = iphoneos;
				SWIFT_COMPILATION_MODE = wholemodule;
				VALIDATE_PRODUCT = YES;
			};
			name = Release;
		};
		23C5B9FA2DDEF5E7002A8D87 /* Debug */ = {
			isa = XCBuildConfiguration;
			buildSettings = {
				ASSETCATALOG_COMPILER_APPICON_NAME = AppIcon;
				ASSETCATALOG_COMPILER_GLOBAL_ACCENT_COLOR_NAME = AccentColor;
				CODE_SIGN_STYLE = Automatic;
				CURRENT_PROJECT_VERSION = 1;
				DEVELOPMENT_ASSET_PATHS = "\"RouterPoser/Preview Content\"";
				ENABLE_PREVIEWS = YES;
				GENERATE_INFOPLIST_FILE = YES;
				INFOPLIST_KEY_UIApplicationSceneManifest_Generation = YES;
				INFOPLIST_KEY_UIApplicationSupportsIndirectInputEvents = YES;
				INFOPLIST_KEY_UILaunchScreen_Generation = YES;
				INFOPLIST_KEY_UISupportedInterfaceOrientations_iPad = "UIInterfaceOrientationPortrait UIInterfaceOrientationPortraitUpsideDown UIInterfaceOrientationLandscapeLeft UIInterfaceOrientationLandscapeRight";
				INFOPLIST_KEY_UISupportedInterfaceOrientations_iPhone = "UIInterfaceOrientationPortrait UIInterfaceOrientationLandscapeLeft UIInterfaceOrientationLandscapeRight";
				LD_RUNPATH_SEARCH_PATHS = (
					"$(inherited)",
					"@executable_path/Frameworks",
				);
				MARKETING_VERSION = 1.0;
				PRODUCT_BUNDLE_IDENTIFIER = "gvladislav-52.RouterPoser";
				PRODUCT_NAME = "$(TARGET_NAME)";
				SWIFT_EMIT_LOC_STRINGS = YES;
				SWIFT_VERSION = 5.0;
				TARGETED_DEVICE_FAMILY = "1,2";
			};
			name = Debug;
		};
		23C5B9FB2DDEF5E7002A8D87 /* Release */ = {
			isa = XCBuildConfiguration;
			buildSettings = {
				ASSETCATALOG_COMPILER_APPICON_NAME = AppIcon;
				ASSETCATALOG_COMPILER_GLOBAL_ACCENT_COLOR_NAME = AccentColor;
				CODE_SIGN_STYLE = Automatic;
				CURRENT_PROJECT_VERSION = 1;
				DEVELOPMENT_ASSET_PATHS = "\"RouterPoser/Preview Content\"";
				ENABLE_PREVIEWS = YES;
				GENERATE_INFOPLIST_FILE = YES;
				INFOPLIST_KEY_UIApplicationSceneManifest_Generation = YES;
				INFOPLIST_KEY_UIApplicationSupportsIndirectInputEvents = YES;
				INFOPLIST_KEY_UILaunchScreen_Generation = YES;
				INFOPLIST_KEY_UISupportedInterfaceOrientations_iPad = "UIInterfaceOrientationPortrait UIInterfaceOrientationPortraitUpsideDown UIInterfaceOrientationLandscapeLeft UIInterfaceOrientationLandscapeRight";
				INFOPLIST_KEY_UISupportedInterfaceOrientations_iPhone = "UIInterfaceOrientationPortrait UIInterfaceOrientationLandscapeLeft UIInterfaceOrientationLandscapeRight";
				LD_RUNPATH_SEARCH_PATHS = (
					"$(inherited)",
					"@executable_path/Frameworks",
				);
				MARKETING_VERSION = 1.0;
				PRODUCT_BUNDLE_IDENTIFIER = "gvladislav-52.RouterPoser";
				PRODUCT_NAME = "$(TARGET_NAME)";
				SWIFT_EMIT_LOC_STRINGS = YES;
				SWIFT_VERSION = 5.0;
				TARGETED_DEVICE_FAMILY = "1,2";
			};
			name = Release;
		};
/* End XCBuildConfiguration section */

/* Begin XCConfigurationList section */
		23C5B9E62DDEF5E6002A8D87 /* Build configuration list for PBXProject "RouterPoser" */ = {
			isa = XCConfigurationList;
			buildConfigurations = (
				23C5B9F72DDEF5E7002A8D87 /* Debug */,
				23C5B9F82DDEF5E7002A8D87 /* Release */,
			);
			defaultConfigurationIsVisible = 0;
			defaultConfigurationName = Release;
		};
		23C5B9F92DDEF5E7002A8D87 /* Build configuration list for PBXNativeTarget "RouterPoser" */ = {
			isa = XCConfigurationList;
			buildConfigurations = (
				23C5B9FA2DDEF5E7002A8D87 /* Debug */,
				23C5B9FB2DDEF5E7002A8D87 /* Release */,
			);
			defaultConfigurationIsVisible = 0;
			defaultConfigurationName = Release;
		};
/* End XCConfigurationList section */

/* Begin XCRemoteSwiftPackageReference section */
		23C5B9FC2DDEF61C002A8D87 /* XCRemoteSwiftPackageReference "route-composer" */ = {
			isa = XCRemoteSwiftPackageReference;
			repositoryURL = "https://github.com/ekazaev/route-composer.git";
			requirement = {
				kind = exactVersion;
				version = 2.11.1;
			};
		};
		23C5BA082DDEF77C002A8D87 /* XCRemoteSwiftPackageReference "swift-composable-architecture" */ = {
			isa = XCRemoteSwiftPackageReference;
			repositoryURL = "https://github.com/pointfreeco/swift-composable-architecture.git";
			requirement = {
				kind = upToNextMajorVersion;
				minimumVersion = 1.19.1;
			};
		};
/* End XCRemoteSwiftPackageReference section */

/* Begin XCSwiftPackageProductDependency section */
		23C5B9FD2DDEF61C002A8D87 /* RouteComposer */ = {
			isa = XCSwiftPackageProductDependency;
			package = 23C5B9FC2DDEF61C002A8D87 /* XCRemoteSwiftPackageReference "route-composer" */;
			productName = RouteComposer;
		};
		23C5BA092DDEF77C002A8D87 /* ComposableArchitecture */ = {
			isa = XCSwiftPackageProductDependency;
			package = 23C5BA082DDEF77C002A8D87 /* XCRemoteSwiftPackageReference "swift-composable-architecture" */;
			productName = ComposableArchitecture;
		};
		23C5BA0D2DDF02F8002A8D87 /* RouteComposer */ = {
			isa = XCSwiftPackageProductDependency;
			package = 23C5B9FC2DDEF61C002A8D87 /* XCRemoteSwiftPackageReference "route-composer" */;
			productName = RouteComposer;
		};
		23C5BA0F2DDF02F8002A8D87 /* RouteComposerDynamic */ = {
			isa = XCSwiftPackageProductDependency;
			package = 23C5B9FC2DDEF61C002A8D87 /* XCRemoteSwiftPackageReference "route-composer" */;
			productName = RouteComposerDynamic;
		};
		23C5BA112DDF02F8002A8D87 /* RouteComposerStatic */ = {
			isa = XCSwiftPackageProductDependency;
			package = 23C5B9FC2DDEF61C002A8D87 /* XCRemoteSwiftPackageReference "route-composer" */;
			productName = RouteComposerStatic;
		};
/* End XCSwiftPackageProductDependency section */
	};
	rootObject = 23C5B9E32DDEF5E6002A8D87 /* Project object */;
}
